
Microsoft Visual Studio Solution File, Format Version 12.00
# Visual Studio Version 17
VisualStudioVersion = 17.9.34723.18
MinimumVisualStudioVersion = 10.0.40219.1
Project("{FAE04EC0-301F-11D3-BF4B-00C04F79EFBC}") = "Assignment 2 - Int, Floats, Try Catch, ReadLine", "Assignment 2 - Int, Floats, Try Catch, ReadLine.csproj", "{F53797DA-1347-4235-95A1-68C2C67B1E55}"
EndProject
Global
	GlobalSection(SolutionConfigurationPlatforms) = preSolution
		Debug|Any CPU = Debug|Any CPU
		Release|Any CPU = Release|Any CPU
	EndGlobalSection
	GlobalSection(ProjectConfigurationPlatforms) = postSolution
		{F53797DA-1347-4235-95A1-68C2C67B1E55}.Debug|Any CPU.ActiveCfg = Debug|Any CPU
		{F53797DA-1347-4235-95A1-68C2C67B1E55}.Debug|Any CPU.Build.0 = Debug|Any CPU
		{F53797DA-1347-4235-95A1-68C2C67B1E55}.Release|Any CPU.ActiveCfg = Release|Any CPU
		{F53797DA-1347-4235-95A1-68C2C67B1E55}.Release|Any CPU.Build.0 = Release|Any CPU
	EndGlobalSection
	GlobalSection(SolutionProperties) = preSolution
		HideSolutionNode = FALSE
	EndGlobalSection
	GlobalSection(ExtensibilityGlobals) = postSolution
		SolutionGuid = {9DD9F932-0B06-4587-A29D-752C09117A80}
	EndGlobalSection
EndGlobal
